// !$*UTF8*$!
{
	archiveVersion = 1;
	classes = {
	};
	objectVersion = 50;
	objects = {

/* Begin PBXBuildFile section */
		F712E1A82191D6EC00D463C9 /* AppDelegate.swift in Sources */ = {isa = PBXBuildFile; fileRef = F712E1A72191D6EC00D463C9 /* AppDelegate.swift */; };
		F712E1AA2191D6EC00D463C9 /* ViewController.swift in Sources */ = {isa = PBXBuildFile; fileRef = F712E1A92191D6EC00D463C9 /* ViewController.swift */; };
		F712E1AF2191D6EE00D463C9 /* Assets.xcassets in Resources */ = {isa = PBXBuildFile; fileRef = F712E1AE2191D6EE00D463C9 /* Assets.xcassets */; };
		F712E1B22191D6EE00D463C9 /* LaunchScreen.storyboard in Resources */ = {isa = PBXBuildFile; fileRef = F712E1B02191D6EE00D463C9 /* LaunchScreen.storyboard */; };
		F712E1BA2191D91B00D463C9 /* ParallaxScrollView.swift in Sources */ = {isa = PBXBuildFile; fileRef = F712E1B92191D91B00D463C9 /* ParallaxScrollView.swift */; };
		F7D5EDA32194B95B008C4792 /* Header.swift in Sources */ = {isa = PBXBuildFile; fileRef = F7D5EDA22194B95B008C4792 /* Header.swift */; };
		F7D5EDAC2194BED1008C4792 /* MainView.swift in Sources */ = {isa = PBXBuildFile; fileRef = F7D5EDAB2194BED1008C4792 /* MainView.swift */; };
		F7D5EDAE2194CBDA008C4792 /* FeatureFlags.swift in Sources */ = {isa = PBXBuildFile; fileRef = F7D5EDAD2194CBDA008C4792 /* FeatureFlags.swift */; };
/* End PBXBuildFile section */

/* Begin PBXFileReference section */
		F712E1A42191D6EC00D463C9 /* ParallaxScrollView.app */ = {isa = PBXFileReference; explicitFileType = wrapper.application; includeInIndex = 0; path = ParallaxScrollView.app; sourceTree = BUILT_PRODUCTS_DIR; };
		F712E1A72191D6EC00D463C9 /* AppDelegate.swift */ = {isa = PBXFileReference; lastKnownFileType = sourcecode.swift; path = AppDelegate.swift; sourceTree = "<group>"; };
		F712E1A92191D6EC00D463C9 /* ViewController.swift */ = {isa = PBXFileReference; lastKnownFileType = sourcecode.swift; path = ViewController.swift; sourceTree = "<group>"; };
		F712E1AE2191D6EE00D463C9 /* Assets.xcassets */ = {isa = PBXFileReference; lastKnownFileType = folder.assetcatalog; path = Assets.xcassets; sourceTree = "<group>"; };
		F712E1B12191D6EE00D463C9 /* Base */ = {isa = PBXFileReference; lastKnownFileType = file.storyboard; name = Base; path = Base.lproj/LaunchScreen.storyboard; sourceTree = "<group>"; };
		F712E1B32191D6EE00D463C9 /* Info.plist */ = {isa = PBXFileReference; lastKnownFileType = text.plist.xml; path = Info.plist; sourceTree = "<group>"; };
		F712E1B92191D91B00D463C9 /* ParallaxScrollView.swift */ = {isa = PBXFileReference; fileEncoding = 4; lastKnownFileType = sourcecode.swift; path = ParallaxScrollView.swift; sourceTree = "<group>"; };
		F7D5EDA22194B95B008C4792 /* Header.swift */ = {isa = PBXFileReference; lastKnownFileType = sourcecode.swift; path = Header.swift; sourceTree = "<group>"; };
		F7D5EDAB2194BED1008C4792 /* MainView.swift */ = {isa = PBXFileReference; lastKnownFileType = sourcecode.swift; path = MainView.swift; sourceTree = "<group>"; };
		F7D5EDAD2194CBDA008C4792 /* FeatureFlags.swift */ = {isa = PBXFileReference; lastKnownFileType = sourcecode.swift; path = FeatureFlags.swift; sourceTree = "<group>"; };
/* End PBXFileReference section */

/* Begin PBXFrameworksBuildPhase section */
		F712E1A12191D6EC00D463C9 /* Frameworks */ = {
			isa = PBXFrameworksBuildPhase;
			buildActionMask = 2147483647;
			files = (
			);
			runOnlyForDeploymentPostprocessing = 0;
		};
/* End PBXFrameworksBuildPhase section */

/* Begin PBXGroup section */
		F712E19B2191D6EC00D463C9 = {
			isa = PBXGroup;
			children = (
				F712E1A62191D6EC00D463C9 /* ParallaxScrollView */,
				F712E1A52191D6EC00D463C9 /* Products */,
			);
			sourceTree = "<group>";
		};
		F712E1A52191D6EC00D463C9 /* Products */ = {
			isa = PBXGroup;
			children = (
				F712E1A42191D6EC00D463C9 /* ParallaxScrollView.app */,
			);
			name = Products;
			sourceTree = "<group>";
		};
		F712E1A62191D6EC00D463C9 /* ParallaxScrollView */ = {
			isa = PBXGroup;
			children = (
				F712E1A72191D6EC00D463C9 /* AppDelegate.swift */,
				F712E1AE2191D6EE00D463C9 /* Assets.xcassets */,
				F7D5EDAD2194CBDA008C4792 /* FeatureFlags.swift */,
				F7D5EDA22194B95B008C4792 /* Header.swift */,
				F712E1B32191D6EE00D463C9 /* Info.plist */,
				F712E1B02191D6EE00D463C9 /* LaunchScreen.storyboard */,
				F7D5EDAB2194BED1008C4792 /* MainView.swift */,
				F712E1B92191D91B00D463C9 /* ParallaxScrollView.swift */,
				F712E1A92191D6EC00D463C9 /* ViewController.swift */,
			);
			path = ParallaxScrollView;
			sourceTree = "<group>";
		};
/* End PBXGroup section */

/* Begin PBXNativeTarget section */
		F712E1A32191D6EC00D463C9 /* ParallaxScrollView */ = {
			isa = PBXNativeTarget;
			buildConfigurationList = F712E1B62191D6EE00D463C9 /* Build configuration list for PBXNativeTarget "ParallaxScrollView" */;
			buildPhases = (
				F712E1A02191D6EC00D463C9 /* Sources */,
				F712E1A12191D6EC00D463C9 /* Frameworks */,
				F712E1A22191D6EC00D463C9 /* Resources */,
			);
			buildRules = (
			);
			dependencies = (
			);
			name = ParallaxScrollView;
			productName = ParallaxScrollView;
			productReference = F712E1A42191D6EC00D463C9 /* ParallaxScrollView.app */;
			productType = "com.apple.product-type.application";
		};
/* End PBXNativeTarget section */

/* Begin PBXProject section */
		F712E19C2191D6EC00D463C9 /* Project object */ = {
			isa = PBXProject;
			attributes = {
				LastSwiftUpdateCheck = 1000;
				LastUpgradeCheck = 1000;
				ORGANIZATIONNAME = "Jayway AB";
				TargetAttributes = {
					F712E1A32191D6EC00D463C9 = {
						CreatedOnToolsVersion = 10.0;
					};
				};
			};
			buildConfigurationList = F712E19F2191D6EC00D463C9 /* Build configuration list for PBXProject "ParallaxScrollView" */;
			compatibilityVersion = "Xcode 9.3";
			developmentRegion = en;
			hasScannedForEncodings = 0;
			knownRegions = (
				en,
				Base,
			);
			mainGroup = F712E19B2191D6EC00D463C9;
			productRefGroup = F712E1A52191D6EC00D463C9 /* Products */;
			projectDirPath = "";
			projectRoot = "";
			targets = (
				F712E1A32191D6EC00D463C9 /* ParallaxScrollView */,
			);
		};
/* End PBXProject section */

/* Begin PBXResourcesBuildPhase section */
		F712E1A22191D6EC00D463C9 /* Resources */ = {
			isa = PBXResourcesBuildPhase;
			buildActionMask = 2147483647;
			files = (
				F712E1B22191D6EE00D463C9 /* LaunchScreen.storyboard in Resources */,
				F712E1AF2191D6EE00D463C9 /* Assets.xcassets in Resources */,
			);
			runOnlyForDeploymentPostprocessing = 0;
		};
/* End PBXResourcesBuildPhase section */

/* Begin PBXSourcesBuildPhase section */
		F712E1A02191D6EC00D463C9 /* Sources */ = {
			isa = PBXSourcesBuildPhase;
			buildActionMask = 2147483647;
			files = (
				F7D5EDAE2194CBDA008C4792 /* FeatureFlags.swift in Sources */,
				F7D5EDA32194B95B008C4792 /* Header.swift in Sources */,
				F712E1BA2191D91B00D463C9 /* ParallaxScrollView.swift in Sources */,
				F712E1AA2191D6EC00D463C9 /* ViewController.swift in Sources */,
				F7D5EDAC2194BED1008C4792 /* MainView.swift in Sources */,
				F712E1A82191D6EC00D463C9 /* AppDelegate.swift in Sources */,
			);
			runOnlyForDeploymentPostprocessing = 0;
		};
/* End PBXSourcesBuildPhase section */

/* Begin PBXVariantGroup section */
		F712E1B02191D6EE00D463C9 /* LaunchScreen.storyboard */ = {
			isa = PBXVariantGroup;
			children = (
				F712E1B12191D6EE00D463C9 /* Base */,
			);
			name = LaunchScreen.storyboard;
			sourceTree = "<group>";
		};
/* End PBXVariantGroup section */

/* Begin XCBuildConfiguration section */
		F712E1B42191D6EE00D463C9 /* Debug */ = {
			isa = XCBuildConfiguration;
			buildSettings = {
				ALWAYS_SEARCH_USER_PATHS = NO;
				CLANG_ANALYZER_NONNULL = YES;
				CLANG_ANALYZER_NUMBER_OBJECT_CONVERSION = YES_AGGRESSIVE;
				CLANG_CXX_LANGUAGE_STANDARD = "gnu++14";
				CLANG_CXX_LIBRARY = "libc++";
				CLANG_ENABLE_MODULES = YES;
				CLANG_ENABLE_OBJC_ARC = YES;
				CLANG_ENABLE_OBJC_WEAK = YES;
				CLANG_WARN_BLOCK_CAPTURE_AUTORELEASING = YES;
				CLANG_WARN_BOOL_CONVERSION = YES;
				CLANG_WARN_COMMA = YES;
				CLANG_WARN_CONSTANT_CONVERSION = YES;
				CLANG_WARN_DEPRECATED_OBJC_IMPLEMENTATIONS = YES;
				CLANG_WARN_DIRECT_OBJC_ISA_USAGE = YES_ERROR;
				CLANG_WARN_DOCUMENTATION_COMMENTS = YES;
				CLANG_WARN_EMPTY_BODY = YES;
				CLANG_WARN_ENUM_CONVERSION = YES;
				CLANG_WARN_INFINITE_RECURSION = YES;
				CLANG_WARN_INT_CONVERSION = YES;
				CLANG_WARN_NON_LITERAL_NULL_CONVERSION = YES;
				CLANG_WARN_OBJC_IMPLICIT_RETAIN_SELF = YES;
				CLANG_WARN_OBJC_LITERAL_CONVERSION = YES;
				CLANG_WARN_OBJC_ROOT_CLASS = YES_ERROR;
				CLANG_WARN_RANGE_LOOP_ANALYSIS = YES;
				CLANG_WARN_STRICT_PROTOTYPES = YES;
				CLANG_WARN_SUSPICIOUS_MOVE = YES;
				CLANG_WARN_UNGUARDED_AVAILABILITY = YES_AGGRESSIVE;
				CLANG_WARN_UNREACHABLE_CODE = YES;
				CLANG_WARN__DUPLICATE_METHOD_MATCH = YES;
				CODE_SIGN_IDENTITY = "iPhone Developer";
				COPY_PHASE_STRIP = NO;
				DEBUG_INFORMATION_FORMAT = dwarf;
				ENABLE_STRICT_OBJC_MSGSEND = YES;
				ENABLE_TESTABILITY = YES;
				GCC_C_LANGUAGE_STANDARD = gnu11;
				GCC_DYNAMIC_NO_PIC = NO;
				GCC_NO_COMMON_BLOCKS = YES;
				GCC_OPTIMIZATION_LEVEL = 0;
				GCC_PREPROCESSOR_DEFINITIONS = (
					"DEBUG=1",
					"$(inherited)",
				);
				GCC_WARN_64_TO_32_BIT_CONVERSION = YES;
				GCC_WARN_ABOUT_RETURN_TYPE = YES_ERROR;
				GCC_WARN_UNDECLARED_SELECTOR = YES;
				GCC_WARN_UNINITIALIZED_AUTOS = YES_AGGRESSIVE;
				GCC_WARN_UNUSED_FUNCTION = YES;
				GCC_WARN_UNUSED_VARIABLE = YES;
				IPHONEOS_DEPLOYMENT_TARGET = 12.0;
				MTL_ENABLE_DEBUG_INFO = INCLUDE_SOURCE;
				MTL_FAST_MATH = YES;
				ONLY_ACTIVE_ARCH = YES;
				SDKROOT = iphoneos;
				SWIFT_ACTIVE_COMPILATION_CONDITIONS = DEBUG;
				SWIFT_OPTIMIZATION_LEVEL = "-Onone";
			};
			name = Debug;
		};
		F712E1B52191D6EE00D463C9 /* Release */ = {
			isa = XCBuildConfiguration;
			buildSettings = {
				ALWAYS_SEARCH_USER_PATHS = NO;
				CLANG_ANALYZER_NONNULL = YES;
				CLANG_ANALYZER_NUMBER_OBJECT_CONVERSION = YES_AGGRESSIVE;
				CLANG_CXX_LANGUAGE_STANDARD = "gnu++14";
				CLANG_CXX_LIBRARY = "libc++";
				CLANG_ENABLE_MODULES = YES;
				CLANG_ENABLE_OBJC_ARC = YES;
				CLANG_ENABLE_OBJC_WEAK = YES;
				CLANG_WARN_BLOCK_CAPTURE_AUTORELEASING = YES;
				CLANG_WARN_BOOL_CONVERSION = YES;
				CLANG_WARN_COMMA = YES;
				CLANG_WARN_CONSTANT_CONVERSION = YES;
				CLANG_WARN_DEPRECATED_OBJC_IMPLEMENTATIONS = YES;
				CLANG_WARN_DIRECT_OBJC_ISA_USAGE = YES_ERROR;
				CLANG_WARN_DOCUMENTATION_COMMENTS = YES;
				CLANG_WARN_EMPTY_BODY = YES;
				CLANG_WARN_ENUM_CONVERSION = YES;
				CLANG_WARN_INFINITE_RECURSION = YES;
				CLANG_WARN_INT_CONVERSION = YES;
				CLANG_WARN_NON_LITERAL_NULL_CONVERSION = YES;
				CLANG_WARN_OBJC_IMPLICIT_RETAIN_SELF = YES;
				CLANG_WARN_OBJC_LITERAL_CONVERSION = YES;
				CLANG_WARN_OBJC_ROOT_CLASS = YES_ERROR;
				CLANG_WARN_RANGE_LOOP_ANALYSIS = YES;
				CLANG_WARN_STRICT_PROTOTYPES = YES;
				CLANG_WARN_SUSPICIOUS_MOVE = YES;
				CLANG_WARN_UNGUARDED_AVAILABILITY = YES_AGGRESSIVE;
				CLANG_WARN_UNREACHABLE_CODE = YES;
				CLANG_WARN__DUPLICATE_METHOD_MATCH = YES;
				CODE_SIGN_IDENTITY = "iPhone Developer";
				COPY_PHASE_STRIP = NO;
				DEBUG_INFORMATION_FORMAT = "dwarf-with-dsym";
				ENABLE_NS_ASSERTIONS = NO;
				ENABLE_STRICT_OBJC_MSGSEND = YES;
				GCC_C_LANGUAGE_STANDARD = gnu11;
				GCC_NO_COMMON_BLOCKS = YES;
				GCC_WARN_64_TO_32_BIT_CONVERSION = YES;
				GCC_WARN_ABOUT_RETURN_TYPE = YES_ERROR;
				GCC_WARN_UNDECLARED_SELECTOR = YES;
				GCC_WARN_UNINITIALIZED_AUTOS = YES_AGGRESSIVE;
				GCC_WARN_UNUSED_FUNCTION = YES;
				GCC_WARN_UNUSED_VARIABLE = YES;
				IPHONEOS_DEPLOYMENT_TARGET = 12.0;
				MTL_ENABLE_DEBUG_INFO = NO;
				MTL_FAST_MATH = YES;
				SDKROOT = iphoneos;
				SWIFT_COMPILATION_MODE = wholemodule;
				SWIFT_OPTIMIZATION_LEVEL = "-O";
				VALIDATE_PRODUCT = YES;
			};
			name = Release;
		};
		F712E1B72191D6EE00D463C9 /* Debug */ = {
			isa = XCBuildConfiguration;
			buildSettings = {
				ASSETCATALOG_COMPILER_APPICON_NAME = AppIcon;
				CODE_SIGN_STYLE = Automatic;
				DEVELOPMENT_TEAM = Q837QBTGPK;
				INFOPLIST_FILE = ParallaxScrollView/Info.plist;
				LD_RUNPATH_SEARCH_PATHS = (
					"$(inherited)",
					"@executable_path/Frameworks",
				);
				PRODUCT_BUNDLE_IDENTIFIER = com.jayway.ParallaxScrollView;
				PRODUCT_NAME = "$(TARGET_NAME)";
				SWIFT_VERSION = 4.2;
				TARGETED_DEVICE_FAMILY = 1;
			};
			name = Debug;
		};
		F712E1B82191D6EE00D463C9 /* Release */ = {
			isa = XCBuildConfiguration;
			buildSettings = {
				ASSETCATALOG_COMPILER_APPICON_NAME = AppIcon;
				CODE_SIGN_STYLE = Automatic;
				DEVELOPMENT_TEAM = Q837QBTGPK;
				INFOPLIST_FILE = ParallaxScrollView/Info.plist;
				LD_RUNPATH_SEARCH_PATHS = (
					"$(inherited)",
					"@executable_path/Frameworks",
				);
				PRODUCT_BUNDLE_IDENTIFIER = com.jayway.ParallaxScrollView;
				PRODUCT_NAME = "$(TARGET_NAME)";
				SWIFT_VERSION = 4.2;
				TARGETED_DEVICE_FAMILY = 1;
			};
			name = Release;
		};
/* End XCBuildConfiguration section */

/* Begin XCConfigurationList section */
		F712E19F2191D6EC00D463C9 /* Build configuration list for PBXProject "ParallaxScrollView" */ = {
			isa = XCConfigurationList;
			buildConfigurations = (
				F712E1B42191D6EE00D463C9 /* Debug */,
				F712E1B52191D6EE00D463C9 /* Release */,
			);
			defaultConfigurationIsVisible = 0;
			defaultConfigurationName = Release;
		};
		F712E1B62191D6EE00D463C9 /* Build configuration list for PBXNativeTarget "ParallaxScrollView" */ = {
			isa = XCConfigurationList;
			buildConfigurations = (
				F712E1B72191D6EE00D463C9 /* Debug */,
				F712E1B82191D6EE00D463C9 /* Release */,
			);
			defaultConfigurationIsVisible = 0;
			defaultConfigurationName = Release;
		};
/* End XCConfigurationList section */
	};
	rootObject = F712E19C2191D6EC00D463C9 /* Project object */;
}
